
Microsoft Visual Studio Solution File, Format Version 12.00
# Visual Studio Version 16
VisualStudioVersion = 25.0.1700.0
MinimumVisualStudioVersion = 10.0.40219.1
Project("{FAE04EC0-301F-11D3-BF4B-00C04F79EFBC}") = "Homework2", "Homework2\Homework2.csproj", "{A6E13BB8-94BE-4858-8B10-097008CEEFBB}"
EndProject
Global
	GlobalSection(SolutionConfigurationPlatforms) = preSolution
		Debug|Any CPU = Debug|Any CPU
		Release|Any CPU = Release|Any CPU
	EndGlobalSection
	GlobalSection(ProjectConfigurationPlatforms) = postSolution
		{A6E13BB8-94BE-4858-8B10-097008CEEFBB}.Debug|Any CPU.ActiveCfg = Debug|Any CPU
		{A6E13BB8-94BE-4858-8B10-097008CEEFBB}.Debug|Any CPU.Build.0 = Debug|Any CPU
		{A6E13BB8-94BE-4858-8B10-097008CEEFBB}.Release|Any CPU.ActiveCfg = Release|Any CPU
		{A6E13BB8-94BE-4858-8B10-097008CEEFBB}.Release|Any CPU.Build.0 = Release|Any CPU
	EndGlobalSection
	GlobalSection(SolutionProperties) = preSolution
		HideSolutionNode = FALSE
	EndGlobalSection
	GlobalSection(ExtensibilityGlobals) = postSolution
		SolutionGuid = {553A6A79-8E54-4E7E-A9F4-647A3F24A032}
	EndGlobalSection
EndGlobal
